{
  "version": 4,
  "terraform_version": "1.13.4",
  "serial": 3,
  "lineage": "e0dbc469-f4ea-7f72-d6ce-05bcb07e0564",
  "outputs": {
    "aks_cluster_name": {
      "value": "Devops_testing",
      "type": "string"
    }
  },
  "resources": [
    {
      "mode": "managed",
      "type": "azurerm_resource_group",
      "name": "aks_rg",
      "provider": "provider[\"registry.terraform.io/hashicorp/azurerm\"]",
      "instances": [
        {
          "schema_version": 0,
          "attributes": {
            "id": "/subscriptions/72daf5f5-5e14-4eca-b3fb-82dfc44f2e08/resourceGroups/Resgrpoup-Devops",
            "location": "eastus",
            "managed_by": "",
            "name": "Resgrpoup-Devops",
            "tags": {},
            "timeouts": null
          },
          "sensitive_attributes": [],
          "identity_schema_version": 0,
          "private": "eyJlMmJmYjczMC1lY2FhLTExZTYtOGY4OC0zNDM2M2JjN2M0YzAiOnsiY3JlYXRlIjo1NDAwMDAwMDAwMDAwLCJkZWxldGUiOjU0MDAwMDAwMDAwMDAsInJlYWQiOjMwMDAwMDAwMDAwMCwidXBkYXRlIjo1NDAwMDAwMDAwMDAwfX0="
        }
      ]
    }
  ],
  "check_results": null
}
